
Microsoft Visual Studio Solution File, Format Version 12.00
# Visual Studio 15
VisualStudioVersion = 15.0.27130.2027
MinimumVisualStudioVersion = 10.0.40219.1
Project("{8BC9CEB8-8B4A-11D0-8D11-00A0C91BC942}") = "test_Period", "test_Period.vcxproj", "{0FE6B3FD-ABD2-449C-9C50-36B3D7B042E8}"
EndProject
Project("{8BC9CEB8-8B4A-11D0-8D11-00A0C91BC942}") = "test_PLL", "test_PLL.vcxproj", "{C5DB2532-0C62-4F0B-A4E8-59BFBD594687}"
EndProject
Project("{8BC9CEB8-8B4A-11D0-8D11-00A0C91BC942}") = "test_solve", "test_solve.vcxproj", "{2A4C0DAF-9D05-45EE-A680-6AEDDAF08C46}"
EndProject
Global
	GlobalSection(SolutionConfigurationPlatforms) = preSolution
		Debug|x64 = Debug|x64
		Debug|x86 = Debug|x86
		Release|x64 = Release|x64
		Release|x86 = Release|x86
	EndGlobalSection
	GlobalSection(ProjectConfigurationPlatforms) = postSolution
		{0FE6B3FD-ABD2-449C-9C50-36B3D7B042E8}.Debug|x64.ActiveCfg = Debug|x64
		{0FE6B3FD-ABD2-449C-9C50-36B3D7B042E8}.Debug|x64.Build.0 = Debug|x64
		{0FE6B3FD-ABD2-449C-9C50-36B3D7B042E8}.Debug|x86.ActiveCfg = Debug|Win32
		{0FE6B3FD-ABD2-449C-9C50-36B3D7B042E8}.Debug|x86.Build.0 = Debug|Win32
		{0FE6B3FD-ABD2-449C-9C50-36B3D7B042E8}.Release|x64.ActiveCfg = Release|x64
		{0FE6B3FD-ABD2-449C-9C50-36B3D7B042E8}.Release|x64.Build.0 = Release|x64
		{0FE6B3FD-ABD2-449C-9C50-36B3D7B042E8}.Release|x86.ActiveCfg = Release|Win32
		{0FE6B3FD-ABD2-449C-9C50-36B3D7B042E8}.Release|x86.Build.0 = Release|Win32
		{C5DB2532-0C62-4F0B-A4E8-59BFBD594687}.Debug|x64.ActiveCfg = Debug|x64
		{C5DB2532-0C62-4F0B-A4E8-59BFBD594687}.Debug|x64.Build.0 = Debug|x64
		{C5DB2532-0C62-4F0B-A4E8-59BFBD594687}.Debug|x86.ActiveCfg = Debug|Win32
		{C5DB2532-0C62-4F0B-A4E8-59BFBD594687}.Debug|x86.Build.0 = Debug|Win32
		{C5DB2532-0C62-4F0B-A4E8-59BFBD594687}.Release|x64.ActiveCfg = Release|x64
		{C5DB2532-0C62-4F0B-A4E8-59BFBD594687}.Release|x64.Build.0 = Release|x64
		{C5DB2532-0C62-4F0B-A4E8-59BFBD594687}.Release|x86.ActiveCfg = Release|Win32
		{C5DB2532-0C62-4F0B-A4E8-59BFBD594687}.Release|x86.Build.0 = Release|Win32
		{2A4C0DAF-9D05-45EE-A680-6AEDDAF08C46}.Debug|x64.ActiveCfg = Debug|x64
		{2A4C0DAF-9D05-45EE-A680-6AEDDAF08C46}.Debug|x64.Build.0 = Debug|x64
		{2A4C0DAF-9D05-45EE-A680-6AEDDAF08C46}.Debug|x86.ActiveCfg = Debug|Win32
		{2A4C0DAF-9D05-45EE-A680-6AEDDAF08C46}.Debug|x86.Build.0 = Debug|Win32
		{2A4C0DAF-9D05-45EE-A680-6AEDDAF08C46}.Release|x64.ActiveCfg = Release|x64
		{2A4C0DAF-9D05-45EE-A680-6AEDDAF08C46}.Release|x64.Build.0 = Release|x64
		{2A4C0DAF-9D05-45EE-A680-6AEDDAF08C46}.Release|x86.ActiveCfg = Release|Win32
		{2A4C0DAF-9D05-45EE-A680-6AEDDAF08C46}.Release|x86.Build.0 = Release|Win32
	EndGlobalSection
	GlobalSection(SolutionProperties) = preSolution
		HideSolutionNode = FALSE
	EndGlobalSection
	GlobalSection(ExtensibilityGlobals) = postSolution
		SolutionGuid = {58B3F6E6-A5A0-402C-8BF2-4835BE52B8DB}
	EndGlobalSection
EndGlobal
